
Microsoft Visual Studio Solution File, Format Version 12.00
# Visual Studio Version 17
VisualStudioVersion = 17.13.35818.85 d17.13
MinimumVisualStudioVersion = 10.0.40219.1
Project("{FAE04EC0-301F-11D3-BF4B-00C04F79EFBC}") = "WinFormsTest", "WinFormsTest\WinFormsTest.csproj", "{39149D0B-DDD8-47BC-9461-FC81A7C9F08B}"
EndProject
Global
	GlobalSection(SolutionConfigurationPlatforms) = preSolution
		Debug|Any CPU = Debug|Any CPU
		Release|Any CPU = Release|Any CPU
	EndGlobalSection
	GlobalSection(ProjectConfigurationPlatforms) = postSolution
		{39149D0B-DDD8-47BC-9461-FC81A7C9F08B}.Debug|Any CPU.ActiveCfg = Debug|Any CPU
		{39149D0B-DDD8-47BC-9461-FC81A7C9F08B}.Debug|Any CPU.Build.0 = Debug|Any CPU
		{39149D0B-DDD8-47BC-9461-FC81A7C9F08B}.Release|Any CPU.ActiveCfg = Release|Any CPU
		{39149D0B-DDD8-47BC-9461-FC81A7C9F08B}.Release|Any CPU.Build.0 = Release|Any CPU
	EndGlobalSection
	GlobalSection(SolutionProperties) = preSolution
		HideSolutionNode = FALSE
	EndGlobalSection
	GlobalSection(ExtensibilityGlobals) = postSolution
		SolutionGuid = {08F1FF2E-6D78-4A91-B201-A13CE3F08152}
	EndGlobalSection
EndGlobal
