
Microsoft Visual Studio Solution File, Format Version 12.00
# Visual Studio Version 17
VisualStudioVersion = 17.13.35825.156 d17.13
MinimumVisualStudioVersion = 10.0.40219.1
Project("{FAE04EC0-301F-11D3-BF4B-00C04F79EFBC}") = "Functions", "Functions\Functions.csproj", "{80AE8F95-F071-4AAB-8709-AE8194427DBA}"
EndProject
Global
	GlobalSection(SolutionConfigurationPlatforms) = preSolution
		Debug|Any CPU = Debug|Any CPU
		Release|Any CPU = Release|Any CPU
	EndGlobalSection
	GlobalSection(ProjectConfigurationPlatforms) = postSolution
		{80AE8F95-F071-4AAB-8709-AE8194427DBA}.Debug|Any CPU.ActiveCfg = Debug|Any CPU
		{80AE8F95-F071-4AAB-8709-AE8194427DBA}.Debug|Any CPU.Build.0 = Debug|Any CPU
		{80AE8F95-F071-4AAB-8709-AE8194427DBA}.Release|Any CPU.ActiveCfg = Release|Any CPU
		{80AE8F95-F071-4AAB-8709-AE8194427DBA}.Release|Any CPU.Build.0 = Release|Any CPU
	EndGlobalSection
	GlobalSection(SolutionProperties) = preSolution
		HideSolutionNode = FALSE
	EndGlobalSection
	GlobalSection(ExtensibilityGlobals) = postSolution
		SolutionGuid = {E179A0D4-DAF8-47E4-AE5D-F0AB4F22DD73}
	EndGlobalSection
EndGlobal
