
Microsoft Visual Studio Solution File, Format Version 12.00
# Visual Studio Version 17
VisualStudioVersion = 17.14.36511.14 d17.14
MinimumVisualStudioVersion = 10.0.40219.1
Project("{FAE04EC0-301F-11D3-BF4B-00C04F79EFBC}") = "Test-List", "Test-List\Test-List.csproj", "{827DD3FC-EADB-4D55-8614-BED229CEF580}"
EndProject
Global
	GlobalSection(SolutionConfigurationPlatforms) = preSolution
		Debug|Any CPU = Debug|Any CPU
		Release|Any CPU = Release|Any CPU
	EndGlobalSection
	GlobalSection(ProjectConfigurationPlatforms) = postSolution
		{827DD3FC-EADB-4D55-8614-BED229CEF580}.Debug|Any CPU.ActiveCfg = Debug|Any CPU
		{827DD3FC-EADB-4D55-8614-BED229CEF580}.Debug|Any CPU.Build.0 = Debug|Any CPU
		{827DD3FC-EADB-4D55-8614-BED229CEF580}.Release|Any CPU.ActiveCfg = Release|Any CPU
		{827DD3FC-EADB-4D55-8614-BED229CEF580}.Release|Any CPU.Build.0 = Release|Any CPU
	EndGlobalSection
	GlobalSection(SolutionProperties) = preSolution
		HideSolutionNode = FALSE
	EndGlobalSection
	GlobalSection(ExtensibilityGlobals) = postSolution
		SolutionGuid = {63676294-D79B-4918-95CD-8BD3DCA43603}
	EndGlobalSection
EndGlobal
