
Microsoft Visual Studio Solution File, Format Version 12.00
# Visual Studio Version 17
VisualStudioVersion = 17.13.35818.85 d17.13
MinimumVisualStudioVersion = 10.0.40219.1
Project("{FAE04EC0-301F-11D3-BF4B-00C04F79EFBC}") = "NFS-Console", "NFS-Console\NFS-Console.csproj", "{4F31128D-0443-4929-9390-A400DFDC080F}"
EndProject
Global
	GlobalSection(SolutionConfigurationPlatforms) = preSolution
		Debug|Any CPU = Debug|Any CPU
		Release|Any CPU = Release|Any CPU
	EndGlobalSection
	GlobalSection(ProjectConfigurationPlatforms) = postSolution
		{4F31128D-0443-4929-9390-A400DFDC080F}.Debug|Any CPU.ActiveCfg = Debug|Any CPU
		{4F31128D-0443-4929-9390-A400DFDC080F}.Debug|Any CPU.Build.0 = Debug|Any CPU
		{4F31128D-0443-4929-9390-A400DFDC080F}.Release|Any CPU.ActiveCfg = Release|Any CPU
		{4F31128D-0443-4929-9390-A400DFDC080F}.Release|Any CPU.Build.0 = Release|Any CPU
	EndGlobalSection
	GlobalSection(SolutionProperties) = preSolution
		HideSolutionNode = FALSE
	EndGlobalSection
	GlobalSection(ExtensibilityGlobals) = postSolution
		SolutionGuid = {DD6A6986-3F81-49D2-8093-CA52B4399961}
	EndGlobalSection
EndGlobal
