
Microsoft Visual Studio Solution File, Format Version 12.00
# Visual Studio Version 17
VisualStudioVersion = 17.13.35818.85 d17.13
MinimumVisualStudioVersion = 10.0.40219.1
Project("{FAE04EC0-301F-11D3-BF4B-00C04F79EFBC}") = "WindowsFormsApp1", "WindowsFormsApp1\WindowsFormsApp1.csproj", "{F869DAC0-6725-49EA-882D-E91980E5260E}"
EndProject
Global
	GlobalSection(SolutionConfigurationPlatforms) = preSolution
		Debug|Any CPU = Debug|Any CPU
		Release|Any CPU = Release|Any CPU
	EndGlobalSection
	GlobalSection(ProjectConfigurationPlatforms) = postSolution
		{F869DAC0-6725-49EA-882D-E91980E5260E}.Debug|Any CPU.ActiveCfg = Debug|Any CPU
		{F869DAC0-6725-49EA-882D-E91980E5260E}.Debug|Any CPU.Build.0 = Debug|Any CPU
		{F869DAC0-6725-49EA-882D-E91980E5260E}.Release|Any CPU.ActiveCfg = Release|Any CPU
		{F869DAC0-6725-49EA-882D-E91980E5260E}.Release|Any CPU.Build.0 = Release|Any CPU
	EndGlobalSection
	GlobalSection(SolutionProperties) = preSolution
		HideSolutionNode = FALSE
	EndGlobalSection
	GlobalSection(ExtensibilityGlobals) = postSolution
		SolutionGuid = {3BAB3D30-C5B3-4BEA-9226-C9DF4597F6F7}
	EndGlobalSection
EndGlobal
