
Microsoft Visual Studio Solution File, Format Version 12.00
# Visual Studio Version 17
VisualStudioVersion = 17.13.35818.85 d17.13
MinimumVisualStudioVersion = 10.0.40219.1
Project("{FAE04EC0-301F-11D3-BF4B-00C04F79EFBC}") = "TestFileStorage", "TestFileStorage\TestFileStorage.csproj", "{971C60B9-D22B-4FD9-B3BF-7D9ABD4D6B4A}"
EndProject
Global
	GlobalSection(SolutionConfigurationPlatforms) = preSolution
		Debug|Any CPU = Debug|Any CPU
		Release|Any CPU = Release|Any CPU
	EndGlobalSection
	GlobalSection(ProjectConfigurationPlatforms) = postSolution
		{971C60B9-D22B-4FD9-B3BF-7D9ABD4D6B4A}.Debug|Any CPU.ActiveCfg = Debug|Any CPU
		{971C60B9-D22B-4FD9-B3BF-7D9ABD4D6B4A}.Debug|Any CPU.Build.0 = Debug|Any CPU
		{971C60B9-D22B-4FD9-B3BF-7D9ABD4D6B4A}.Release|Any CPU.ActiveCfg = Release|Any CPU
		{971C60B9-D22B-4FD9-B3BF-7D9ABD4D6B4A}.Release|Any CPU.Build.0 = Release|Any CPU
	EndGlobalSection
	GlobalSection(SolutionProperties) = preSolution
		HideSolutionNode = FALSE
	EndGlobalSection
	GlobalSection(ExtensibilityGlobals) = postSolution
		SolutionGuid = {DF5A17A5-DB64-4F1F-B121-EC000D0613D8}
	EndGlobalSection
EndGlobal
